// !$*UTF8*$!
{
	archiveVersion = 1;
	classes = {
	};
	objectVersion = 56;
	objects = {

/* Begin PBXBuildFile section */
		856DB9492BCF8C1400723BA4 /* Constants.swift in Sources */ = {isa = PBXBuildFile; fileRef = 856DB9482BCF8C1400723BA4 /* Constants.swift */; };
		856DB9532BDA182200723BA4 /* AdvancedList in Frameworks */ = {isa = PBXBuildFile; productRef = 856DB9522BDA182200723BA4 /* AdvancedList */; };
		856DB9552BDA223F00723BA4 /* Measurement.swift in Sources */ = {isa = PBXBuildFile; fileRef = 856DB9542BDA223F00723BA4 /* Measurement.swift */; };
		856DB9572BDA273900723BA4 /* UserMeasurementsViewModel.swift in Sources */ = {isa = PBXBuildFile; fileRef = 856DB9562BDA273900723BA4 /* UserMeasurementsViewModel.swift */; };
		85C0E4E02BC08A8300FE5615 /* ContentViewModel.swift in Sources */ = {isa = PBXBuildFile; fileRef = 85C0E4DF2BC08A8300FE5615 /* ContentViewModel.swift */; };
		85C0E4E92BC090F300FE5615 /* Help.swift in Sources */ = {isa = PBXBuildFile; fileRef = 85C0E4E22BC090F200FE5615 /* Help.swift */; };
		85C0E4EA2BC090F300FE5615 /* PinterestLayoutDelegate.swift in Sources */ = {isa = PBXBuildFile; fileRef = 85C0E4E32BC090F200FE5615 /* PinterestLayoutDelegate.swift */; };
		85C0E4EB2BC090F300FE5615 /* PinterestCell.swift in Sources */ = {isa = PBXBuildFile; fileRef = 85C0E4E42BC090F300FE5615 /* PinterestCell.swift */; };
		85C0E4EC2BC090F300FE5615 /* PinterestLayout.swift in Sources */ = {isa = PBXBuildFile; fileRef = 85C0E4E52BC090F300FE5615 /* PinterestLayout.swift */; };
		85C0E4ED2BC090F300FE5615 /* PinterestLayoutAttributes.swift in Sources */ = {isa = PBXBuildFile; fileRef = 85C0E4E62BC090F300FE5615 /* PinterestLayoutAttributes.swift */; };
		85C0E4EE2BC090F300FE5615 /* PinterestVC.swift in Sources */ = {isa = PBXBuildFile; fileRef = 85C0E4E72BC090F300FE5615 /* PinterestVC.swift */; };
		85C0E4F12BC0941B00FE5615 /* PinnedOutfitsView.swift in Sources */ = {isa = PBXBuildFile; fileRef = 85C0E4F02BC0941B00FE5615 /* PinnedOutfitsView.swift */; };
		A880F8172BBC208500FD0DE5 /* TinderCloneApp.swift in Sources */ = {isa = PBXBuildFile; fileRef = A880F8162BBC208500FD0DE5 /* TinderCloneApp.swift */; };
		A880F8192BBC208500FD0DE5 /* ContentView.swift in Sources */ = {isa = PBXBuildFile; fileRef = A880F8182BBC208500FD0DE5 /* ContentView.swift */; };
		A880F81B2BBC208700FD0DE5 /* Assets.xcassets in Resources */ = {isa = PBXBuildFile; fileRef = A880F81A2BBC208700FD0DE5 /* Assets.xcassets */; };
		A880F81E2BBC208700FD0DE5 /* Preview Assets.xcassets in Resources */ = {isa = PBXBuildFile; fileRef = A880F81D2BBC208700FD0DE5 /* Preview Assets.xcassets */; };
		A880F8302BBC26F100FD0DE5 /* TabBarView.swift in Sources */ = {isa = PBXBuildFile; fileRef = A880F82F2BBC26F100FD0DE5 /* TabBarView.swift */; };
		A880F8332BBC2CC400FD0DE5 /* CardView.swift in Sources */ = {isa = PBXBuildFile; fileRef = A880F8322BBC2CC400FD0DE5 /* CardView.swift */; };
		A880F8352BBC304800FD0DE5 /* UserInfoView.swift in Sources */ = {isa = PBXBuildFile; fileRef = A880F8342BBC304800FD0DE5 /* UserInfoView.swift */; };
		A880F8372BBC394F00FD0DE5 /* SwipeActionIndicatorView.swift in Sources */ = {isa = PBXBuildFile; fileRef = A880F8362BBC394F00FD0DE5 /* SwipeActionIndicatorView.swift */; };
		A880F83C2BBC444C00FD0DE5 /* SizeConstants.swift in Sources */ = {isa = PBXBuildFile; fileRef = A880F83B2BBC444C00FD0DE5 /* SizeConstants.swift */; };
		A880F83E2BBC45C400FD0DE5 /* ImageScrollingOverlay.swift in Sources */ = {isa = PBXBuildFile; fileRef = A880F83D2BBC45C400FD0DE5 /* ImageScrollingOverlay.swift */; };
		A880F8402BBC492600FD0DE5 /* CardImageIndicatorView.swift in Sources */ = {isa = PBXBuildFile; fileRef = A880F83F2BBC492600FD0DE5 /* CardImageIndicatorView.swift */; };
		A880F8422BBC4C0300FD0DE5 /* CardStackView.swift in Sources */ = {isa = PBXBuildFile; fileRef = A880F8412BBC4C0300FD0DE5 /* CardStackView.swift */; };
		A880F8462BBC4E7300FD0DE5 /* User.swift in Sources */ = {isa = PBXBuildFile; fileRef = A880F8452BBC4E7300FD0DE5 /* User.swift */; };
		A880F8492BBC4ECD00FD0DE5 /* CardModel.swift in Sources */ = {isa = PBXBuildFile; fileRef = A880F8482BBC4ECD00FD0DE5 /* CardModel.swift */; };
		A880F84C2BBC4F2900FD0DE5 /* CardsViewModel.swift in Sources */ = {isa = PBXBuildFile; fileRef = A880F84B2BBC4F2900FD0DE5 /* CardsViewModel.swift */; };
		A880F84F2BBC4F9100FD0DE5 /* CardService.swift in Sources */ = {isa = PBXBuildFile; fileRef = A880F84E2BBC4F9100FD0DE5 /* CardService.swift */; };
		A880F8522BBC507600FD0DE5 /* MockData.swift in Sources */ = {isa = PBXBuildFile; fileRef = A880F8512BBC507600FD0DE5 /* MockData.swift */; };
		A880F8542BBC60F000FD0DE5 /* SwipeActionButtonsView.swift in Sources */ = {isa = PBXBuildFile; fileRef = A880F8532BBC60F000FD0DE5 /* SwipeActionButtonsView.swift */; };
		A880F8562BBC625900FD0DE5 /* SwipeAction.swift in Sources */ = {isa = PBXBuildFile; fileRef = A880F8552BBC625900FD0DE5 /* SwipeAction.swift */; };
		A880F8592BBEEA7800FD0DE5 /* UserProfileView.swift in Sources */ = {isa = PBXBuildFile; fileRef = A880F8582BBEEA7800FD0DE5 /* UserProfileView.swift */; };
/* End PBXBuildFile section */

/* Begin PBXFileReference section */
		856DB9482BCF8C1400723BA4 /* Constants.swift */ = {isa = PBXFileReference; lastKnownFileType = sourcecode.swift; path = Constants.swift; sourceTree = "<group>"; };
		856DB9542BDA223F00723BA4 /* Measurement.swift */ = {isa = PBXFileReference; lastKnownFileType = sourcecode.swift; path = Measurement.swift; sourceTree = "<group>"; };
		856DB9562BDA273900723BA4 /* UserMeasurementsViewModel.swift */ = {isa = PBXFileReference; lastKnownFileType = sourcecode.swift; path = UserMeasurementsViewModel.swift; sourceTree = "<group>"; };
		85C0E4DF2BC08A8300FE5615 /* ContentViewModel.swift */ = {isa = PBXFileReference; lastKnownFileType = sourcecode.swift; path = ContentViewModel.swift; sourceTree = "<group>"; };
		85C0E4E22BC090F200FE5615 /* Help.swift */ = {isa = PBXFileReference; fileEncoding = 4; lastKnownFileType = sourcecode.swift; path = Help.swift; sourceTree = "<group>"; };
		85C0E4E32BC090F200FE5615 /* PinterestLayoutDelegate.swift */ = {isa = PBXFileReference; fileEncoding = 4; lastKnownFileType = sourcecode.swift; path = PinterestLayoutDelegate.swift; sourceTree = "<group>"; };
		85C0E4E42BC090F300FE5615 /* PinterestCell.swift */ = {isa = PBXFileReference; fileEncoding = 4; lastKnownFileType = sourcecode.swift; path = PinterestCell.swift; sourceTree = "<group>"; };
		85C0E4E52BC090F300FE5615 /* PinterestLayout.swift */ = {isa = PBXFileReference; fileEncoding = 4; lastKnownFileType = sourcecode.swift; path = PinterestLayout.swift; sourceTree = "<group>"; };
		85C0E4E62BC090F300FE5615 /* PinterestLayoutAttributes.swift */ = {isa = PBXFileReference; fileEncoding = 4; lastKnownFileType = sourcecode.swift; path = PinterestLayoutAttributes.swift; sourceTree = "<group>"; };
		85C0E4E72BC090F300FE5615 /* PinterestVC.swift */ = {isa = PBXFileReference; fileEncoding = 4; lastKnownFileType = sourcecode.swift; path = PinterestVC.swift; sourceTree = "<group>"; };
		85C0E4E82BC090F300FE5615 /* PinterestLayout.h */ = {isa = PBXFileReference; fileEncoding = 4; lastKnownFileType = sourcecode.c.h; path = PinterestLayout.h; sourceTree = "<group>"; };
		85C0E4F02BC0941B00FE5615 /* PinnedOutfitsView.swift */ = {isa = PBXFileReference; lastKnownFileType = sourcecode.swift; path = PinnedOutfitsView.swift; sourceTree = "<group>"; };
		A880F8132BBC208500FD0DE5 /* TinderClone.app */ = {isa = PBXFileReference; explicitFileType = wrapper.application; includeInIndex = 0; path = TinderClone.app; sourceTree = BUILT_PRODUCTS_DIR; };
		A880F8162BBC208500FD0DE5 /* TinderCloneApp.swift */ = {isa = PBXFileReference; lastKnownFileType = sourcecode.swift; path = TinderCloneApp.swift; sourceTree = "<group>"; };
		A880F8182BBC208500FD0DE5 /* ContentView.swift */ = {isa = PBXFileReference; lastKnownFileType = sourcecode.swift; path = ContentView.swift; sourceTree = "<group>"; };
		A880F81A2BBC208700FD0DE5 /* Assets.xcassets */ = {isa = PBXFileReference; lastKnownFileType = folder.assetcatalog; path = Assets.xcassets; sourceTree = "<group>"; };
		A880F81D2BBC208700FD0DE5 /* Preview Assets.xcassets */ = {isa = PBXFileReference; lastKnownFileType = folder.assetcatalog; path = "Preview Assets.xcassets"; sourceTree = "<group>"; };
		A880F82F2BBC26F100FD0DE5 /* TabBarView.swift */ = {isa = PBXFileReference; lastKnownFileType = sourcecode.swift; path = TabBarView.swift; sourceTree = "<group>"; };
		A880F8322BBC2CC400FD0DE5 /* CardView.swift */ = {isa = PBXFileReference; lastKnownFileType = sourcecode.swift; path = CardView.swift; sourceTree = "<group>"; };
		A880F8342BBC304800FD0DE5 /* UserInfoView.swift */ = {isa = PBXFileReference; lastKnownFileType = sourcecode.swift; path = UserInfoView.swift; sourceTree = "<group>"; };
		A880F8362BBC394F00FD0DE5 /* SwipeActionIndicatorView.swift */ = {isa = PBXFileReference; lastKnownFileType = sourcecode.swift; path = SwipeActionIndicatorView.swift; sourceTree = "<group>"; };
		A880F83B2BBC444C00FD0DE5 /* SizeConstants.swift */ = {isa = PBXFileReference; lastKnownFileType = sourcecode.swift; path = SizeConstants.swift; sourceTree = "<group>"; };
		A880F83D2BBC45C400FD0DE5 /* ImageScrollingOverlay.swift */ = {isa = PBXFileReference; lastKnownFileType = sourcecode.swift; path = ImageScrollingOverlay.swift; sourceTree = "<group>"; };
		A880F83F2BBC492600FD0DE5 /* CardImageIndicatorView.swift */ = {isa = PBXFileReference; lastKnownFileType = sourcecode.swift; path = CardImageIndicatorView.swift; sourceTree = "<group>"; };
		A880F8412BBC4C0300FD0DE5 /* CardStackView.swift */ = {isa = PBXFileReference; lastKnownFileType = sourcecode.swift; path = CardStackView.swift; sourceTree = "<group>"; };
		A880F8452BBC4E7300FD0DE5 /* User.swift */ = {isa = PBXFileReference; lastKnownFileType = sourcecode.swift; path = User.swift; sourceTree = "<group>"; };
		A880F8482BBC4ECD00FD0DE5 /* CardModel.swift */ = {isa = PBXFileReference; lastKnownFileType = sourcecode.swift; path = CardModel.swift; sourceTree = "<group>"; };
		A880F84B2BBC4F2900FD0DE5 /* CardsViewModel.swift */ = {isa = PBXFileReference; lastKnownFileType = sourcecode.swift; path = CardsViewModel.swift; sourceTree = "<group>"; };
		A880F84E2BBC4F9100FD0DE5 /* CardService.swift */ = {isa = PBXFileReference; lastKnownFileType = sourcecode.swift; path = CardService.swift; sourceTree = "<group>"; };
		A880F8512BBC507600FD0DE5 /* MockData.swift */ = {isa = PBXFileReference; lastKnownFileType = sourcecode.swift; path = MockData.swift; sourceTree = "<group>"; };
		A880F8532BBC60F000FD0DE5 /* SwipeActionButtonsView.swift */ = {isa = PBXFileReference; lastKnownFileType = sourcecode.swift; path = SwipeActionButtonsView.swift; sourceTree = "<group>"; };
		A880F8552BBC625900FD0DE5 /* SwipeAction.swift */ = {isa = PBXFileReference; lastKnownFileType = sourcecode.swift; path = SwipeAction.swift; sourceTree = "<group>"; };
		A880F8582BBEEA7800FD0DE5 /* UserProfileView.swift */ = {isa = PBXFileReference; lastKnownFileType = sourcecode.swift; path = UserProfileView.swift; sourceTree = "<group>"; };
/* End PBXFileReference section */

/* Begin PBXFrameworksBuildPhase section */
		A880F8102BBC208500FD0DE5 /* Frameworks */ = {
			isa = PBXFrameworksBuildPhase;
			buildActionMask = 2147483647;
			files = (
				856DB9532BDA182200723BA4 /* AdvancedList in Frameworks */,
			);
			runOnlyForDeploymentPostprocessing = 0;
		};
/* End PBXFrameworksBuildPhase section */

/* Begin PBXGroup section */
		856DB94C2BDA113100723BA4 /* Model */ = {
			isa = PBXGroup;
			children = (
				856DB9542BDA223F00723BA4 /* Measurement.swift */,
				856DB9562BDA273900723BA4 /* UserMeasurementsViewModel.swift */,
			);
			path = Model;
			sourceTree = "<group>";
		};
		85C0E4E12BC090E100FE5615 /* PinterestLayout */ = {
			isa = PBXGroup;
			children = (
				85C0E4E22BC090F200FE5615 /* Help.swift */,
				85C0E4E42BC090F300FE5615 /* PinterestCell.swift */,
				85C0E4E82BC090F300FE5615 /* PinterestLayout.h */,
				85C0E4E52BC090F300FE5615 /* PinterestLayout.swift */,
				85C0E4E62BC090F300FE5615 /* PinterestLayoutAttributes.swift */,
				85C0E4E32BC090F200FE5615 /* PinterestLayoutDelegate.swift */,
				85C0E4E72BC090F300FE5615 /* PinterestVC.swift */,
			);
			path = PinterestLayout;
			sourceTree = "<group>";
		};
		85C0E4EF2BC093FA00FE5615 /* Pinned */ = {
			isa = PBXGroup;
			children = (
				85C0E4F02BC0941B00FE5615 /* PinnedOutfitsView.swift */,
			);
			path = Pinned;
			sourceTree = "<group>";
		};
		A880F80A2BBC208500FD0DE5 = {
			isa = PBXGroup;
			children = (
				85C0E4E12BC090E100FE5615 /* PinterestLayout */,
				A880F8152BBC208500FD0DE5 /* TinderClone */,
				A880F8142BBC208500FD0DE5 /* Products */,
			);
			sourceTree = "<group>";
		};
		A880F8142BBC208500FD0DE5 /* Products */ = {
			isa = PBXGroup;
			children = (
				A880F8132BBC208500FD0DE5 /* TinderClone.app */,
			);
			name = Products;
			sourceTree = "<group>";
		};
		A880F8152BBC208500FD0DE5 /* TinderClone */ = {
			isa = PBXGroup;
			children = (
				A880F8242BBC239400FD0DE5 /* App */,
				A880F8252BBC239A00FD0DE5 /* Core */,
				A880F8272BBC23A700FD0DE5 /* Shared */,
				A880F8282BBC23AE00FD0DE5 /* Utils */,
				A880F81A2BBC208700FD0DE5 /* Assets.xcassets */,
				856DB9482BCF8C1400723BA4 /* Constants.swift */,
				A880F81C2BBC208700FD0DE5 /* Preview Content */,
			);
			path = TinderClone;
			sourceTree = "<group>";
		};
		A880F81C2BBC208700FD0DE5 /* Preview Content */ = {
			isa = PBXGroup;
			children = (
				A880F81D2BBC208700FD0DE5 /* Preview Assets.xcassets */,
			);
			path = "Preview Content";
			sourceTree = "<group>";
		};
		A880F8242BBC239400FD0DE5 /* App */ = {
			isa = PBXGroup;
			children = (
				A880F8162BBC208500FD0DE5 /* TinderCloneApp.swift */,
				85C0E4DF2BC08A8300FE5615 /* ContentViewModel.swift */,
			);
			path = App;
			sourceTree = "<group>";
		};
		A880F8252BBC239A00FD0DE5 /* Core */ = {
			isa = PBXGroup;
			children = (
				85C0E4EF2BC093FA00FE5615 /* Pinned */,
				A880F82C2BBC23E700FD0DE5 /* Cards */,
				A880F82A2BBC23DC00FD0DE5 /* Profile */,
				A880F8292BBC23D900FD0DE5 /* Root */,
				A880F82E2BBC242600FD0DE5 /* TabBar */,
			);
			path = Core;
			sourceTree = "<group>";
		};
		A880F8272BBC23A700FD0DE5 /* Shared */ = {
			isa = PBXGroup;
			children = (
				A880F8432BBC4E6100FD0DE5 /* User */,
			);
			path = Shared;
			sourceTree = "<group>";
		};
		A880F8282BBC23AE00FD0DE5 /* Utils */ = {
			isa = PBXGroup;
			children = (
				A880F8502BBC506B00FD0DE5 /* MockData */,
				A880F83A2BBC442000FD0DE5 /* Constants */,
			);
			path = Utils;
			sourceTree = "<group>";
		};
		A880F8292BBC23D900FD0DE5 /* Root */ = {
			isa = PBXGroup;
			children = (
				A880F8182BBC208500FD0DE5 /* ContentView.swift */,
			);
			path = Root;
			sourceTree = "<group>";
		};
		A880F82A2BBC23DC00FD0DE5 /* Profile */ = {
			isa = PBXGroup;
			children = (
				856DB94C2BDA113100723BA4 /* Model */,
				A880F8572BBEEA6400FD0DE5 /* View */,
			);
			path = Profile;
			sourceTree = "<group>";
		};
		A880F82C2BBC23E700FD0DE5 /* Cards */ = {
			isa = PBXGroup;
			children = (
				A880F8472BBC4EC400FD0DE5 /* Model */,
				A880F84D2BBC4F8000FD0DE5 /* Service */,
				A880F8312BBC2CB700FD0DE5 /* View */,
				A880F84A2BBC4F1400FD0DE5 /* ViewModel */,
			);
			path = Cards;
			sourceTree = "<group>";
		};
		A880F82E2BBC242600FD0DE5 /* TabBar */ = {
			isa = PBXGroup;
			children = (
				A880F82F2BBC26F100FD0DE5 /* TabBarView.swift */,
			);
			path = TabBar;
			sourceTree = "<group>";
		};
		A880F8312BBC2CB700FD0DE5 /* View */ = {
			isa = PBXGroup;
			children = (
				A880F8322BBC2CC400FD0DE5 /* CardView.swift */,
				A880F8342BBC304800FD0DE5 /* UserInfoView.swift */,
				A880F8362BBC394F00FD0DE5 /* SwipeActionIndicatorView.swift */,
				A880F83D2BBC45C400FD0DE5 /* ImageScrollingOverlay.swift */,
				A880F83F2BBC492600FD0DE5 /* CardImageIndicatorView.swift */,
				A880F8412BBC4C0300FD0DE5 /* CardStackView.swift */,
				A880F8532BBC60F000FD0DE5 /* SwipeActionButtonsView.swift */,
			);
			path = View;
			sourceTree = "<group>";
		};
		A880F83A2BBC442000FD0DE5 /* Constants */ = {
			isa = PBXGroup;
			children = (
				A880F83B2BBC444C00FD0DE5 /* SizeConstants.swift */,
			);
			path = Constants;
			sourceTree = "<group>";
		};
		A880F8432BBC4E6100FD0DE5 /* User */ = {
			isa = PBXGroup;
			children = (
				A880F8442BBC4E6600FD0DE5 /* Model */,
			);
			path = User;
			sourceTree = "<group>";
		};
		A880F8442BBC4E6600FD0DE5 /* Model */ = {
			isa = PBXGroup;
			children = (
				A880F8452BBC4E7300FD0DE5 /* User.swift */,
			);
			path = Model;
			sourceTree = "<group>";
		};
		A880F8472BBC4EC400FD0DE5 /* Model */ = {
			isa = PBXGroup;
			children = (
				A880F8482BBC4ECD00FD0DE5 /* CardModel.swift */,
				A880F8552BBC625900FD0DE5 /* SwipeAction.swift */,
			);
			path = Model;
			sourceTree = "<group>";
		};
		A880F84A2BBC4F1400FD0DE5 /* ViewModel */ = {
			isa = PBXGroup;
			children = (
				A880F84B2BBC4F2900FD0DE5 /* CardsViewModel.swift */,
			);
			path = ViewModel;
			sourceTree = "<group>";
		};
		A880F84D2BBC4F8000FD0DE5 /* Service */ = {
			isa = PBXGroup;
			children = (
				A880F84E2BBC4F9100FD0DE5 /* CardService.swift */,
			);
			path = Service;
			sourceTree = "<group>";
		};
		A880F8502BBC506B00FD0DE5 /* MockData */ = {
			isa = PBXGroup;
			children = (
				A880F8512BBC507600FD0DE5 /* MockData.swift */,
			);
			path = MockData;
			sourceTree = "<group>";
		};
		A880F8572BBEEA6400FD0DE5 /* View */ = {
			isa = PBXGroup;
			children = (
				A880F8582BBEEA7800FD0DE5 /* UserProfileView.swift */,
			);
			path = View;
			sourceTree = "<group>";
		};
/* End PBXGroup section */

/* Begin PBXNativeTarget section */
		A880F8122BBC208500FD0DE5 /* TinderClone */ = {
			isa = PBXNativeTarget;
			buildConfigurationList = A880F8212BBC208700FD0DE5 /* Build configuration list for PBXNativeTarget "TinderClone" */;
			buildPhases = (
				A880F80F2BBC208500FD0DE5 /* Sources */,
				A880F8102BBC208500FD0DE5 /* Frameworks */,
				A880F8112BBC208500FD0DE5 /* Resources */,
			);
			buildRules = (
			);
			dependencies = (
			);
			name = TinderClone;
			packageProductDependencies = (
				856DB9522BDA182200723BA4 /* AdvancedList */,
			);
			productName = TinderClone;
			productReference = A880F8132BBC208500FD0DE5 /* TinderClone.app */;
			productType = "com.apple.product-type.application";
		};
/* End PBXNativeTarget section */

/* Begin PBXProject section */
		A880F80B2BBC208500FD0DE5 /* Project object */ = {
			isa = PBXProject;
			attributes = {
				BuildIndependentTargetsInParallel = 1;
				LastSwiftUpdateCheck = 1530;
				LastUpgradeCheck = 1530;
				TargetAttributes = {
					A880F8122BBC208500FD0DE5 = {
						CreatedOnToolsVersion = 15.3;
					};
				};
			};
			buildConfigurationList = A880F80E2BBC208500FD0DE5 /* Build configuration list for PBXProject "TinderClone" */;
			compatibilityVersion = "Xcode 14.0";
			developmentRegion = en;
			hasScannedForEncodings = 0;
			knownRegions = (
				en,
				Base,
			);
			mainGroup = A880F80A2BBC208500FD0DE5;
			packageReferences = (
				856DB9512BDA182200723BA4 /* XCRemoteSwiftPackageReference "AdvancedList" */,
			);
			productRefGroup = A880F8142BBC208500FD0DE5 /* Products */;
			projectDirPath = "";
			projectRoot = "";
			targets = (
				A880F8122BBC208500FD0DE5 /* TinderClone */,
			);
		};
/* End PBXProject section */

/* Begin PBXResourcesBuildPhase section */
		A880F8112BBC208500FD0DE5 /* Resources */ = {
			isa = PBXResourcesBuildPhase;
			buildActionMask = 2147483647;
			files = (
				A880F81E2BBC208700FD0DE5 /* Preview Assets.xcassets in Resources */,
				A880F81B2BBC208700FD0DE5 /* Assets.xcassets in Resources */,
			);
			runOnlyForDeploymentPostprocessing = 0;
		};
/* End PBXResourcesBuildPhase section */

/* Begin PBXSourcesBuildPhase section */
		A880F80F2BBC208500FD0DE5 /* Sources */ = {
			isa = PBXSourcesBuildPhase;
			buildActionMask = 2147483647;
			files = (
				85C0E4EE2BC090F300FE5615 /* PinterestVC.swift in Sources */,
				85C0E4EB2BC090F300FE5615 /* PinterestCell.swift in Sources */,
				85C0E4EC2BC090F300FE5615 /* PinterestLayout.swift in Sources */,
				A880F83E2BBC45C400FD0DE5 /* ImageScrollingOverlay.swift in Sources */,
				A880F8592BBEEA7800FD0DE5 /* UserProfileView.swift in Sources */,
				A880F84F2BBC4F9100FD0DE5 /* CardService.swift in Sources */,
				85C0E4EA2BC090F300FE5615 /* PinterestLayoutDelegate.swift in Sources */,
				A880F8192BBC208500FD0DE5 /* ContentView.swift in Sources */,
				A880F8372BBC394F00FD0DE5 /* SwipeActionIndicatorView.swift in Sources */,
				A880F8522BBC507600FD0DE5 /* MockData.swift in Sources */,
				A880F8562BBC625900FD0DE5 /* SwipeAction.swift in Sources */,
				A880F8302BBC26F100FD0DE5 /* TabBarView.swift in Sources */,
				A880F8402BBC492600FD0DE5 /* CardImageIndicatorView.swift in Sources */,
				856DB9572BDA273900723BA4 /* UserMeasurementsViewModel.swift in Sources */,
				A880F8542BBC60F000FD0DE5 /* SwipeActionButtonsView.swift in Sources */,
				85C0E4ED2BC090F300FE5615 /* PinterestLayoutAttributes.swift in Sources */,
				85C0E4E92BC090F300FE5615 /* Help.swift in Sources */,
				A880F8492BBC4ECD00FD0DE5 /* CardModel.swift in Sources */,
				85C0E4F12BC0941B00FE5615 /* PinnedOutfitsView.swift in Sources */,
				A880F8422BBC4C0300FD0DE5 /* CardStackView.swift in Sources */,
				85C0E4E02BC08A8300FE5615 /* ContentViewModel.swift in Sources */,
				A880F8332BBC2CC400FD0DE5 /* CardView.swift in Sources */,
				A880F83C2BBC444C00FD0DE5 /* SizeConstants.swift in Sources */,
				A880F8172BBC208500FD0DE5 /* TinderCloneApp.swift in Sources */,
				A880F84C2BBC4F2900FD0DE5 /* CardsViewModel.swift in Sources */,
				A880F8352BBC304800FD0DE5 /* UserInfoView.swift in Sources */,
				A880F8462BBC4E7300FD0DE5 /* User.swift in Sources */,
				856DB9552BDA223F00723BA4 /* Measurement.swift in Sources */,
				856DB9492BCF8C1400723BA4 /* Constants.swift in Sources */,
			);
			runOnlyForDeploymentPostprocessing = 0;
		};
/* End PBXSourcesBuildPhase section */

/* Begin XCBuildConfiguration section */
		A880F81F2BBC208700FD0DE5 /* Debug */ = {
			isa = XCBuildConfiguration;
			buildSettings = {
				ALWAYS_SEARCH_USER_PATHS = NO;
				ASSETCATALOG_COMPILER_GENERATE_SWIFT_ASSET_SYMBOL_EXTENSIONS = YES;
				CLANG_ANALYZER_NONNULL = YES;
				CLANG_ANALYZER_NUMBER_OBJECT_CONVERSION = YES_AGGRESSIVE;
				CLANG_CXX_LANGUAGE_STANDARD = "gnu++20";
				CLANG_ENABLE_MODULES = YES;
				CLANG_ENABLE_OBJC_ARC = YES;
				CLANG_ENABLE_OBJC_WEAK = YES;
				CLANG_WARN_BLOCK_CAPTURE_AUTORELEASING = YES;
				CLANG_WARN_BOOL_CONVERSION = YES;
				CLANG_WARN_COMMA = YES;
				CLANG_WARN_CONSTANT_CONVERSION = YES;
				CLANG_WARN_DEPRECATED_OBJC_IMPLEMENTATIONS = YES;
				CLANG_WARN_DIRECT_OBJC_ISA_USAGE = YES_ERROR;
				CLANG_WARN_DOCUMENTATION_COMMENTS = YES;
				CLANG_WARN_EMPTY_BODY = YES;
				CLANG_WARN_ENUM_CONVERSION = YES;
				CLANG_WARN_INFINITE_RECURSION = YES;
				CLANG_WARN_INT_CONVERSION = YES;
				CLANG_WARN_NON_LITERAL_NULL_CONVERSION = YES;
				CLANG_WARN_OBJC_IMPLICIT_RETAIN_SELF = YES;
				CLANG_WARN_OBJC_LITERAL_CONVERSION = YES;
				CLANG_WARN_OBJC_ROOT_CLASS = YES_ERROR;
				CLANG_WARN_QUOTED_INCLUDE_IN_FRAMEWORK_HEADER = YES;
				CLANG_WARN_RANGE_LOOP_ANALYSIS = YES;
				CLANG_WARN_STRICT_PROTOTYPES = YES;
				CLANG_WARN_SUSPICIOUS_MOVE = YES;
				CLANG_WARN_UNGUARDED_AVAILABILITY = YES_AGGRESSIVE;
				CLANG_WARN_UNREACHABLE_CODE = YES;
				CLANG_WARN__DUPLICATE_METHOD_MATCH = YES;
				COPY_PHASE_STRIP = NO;
				DEBUG_INFORMATION_FORMAT = dwarf;
				ENABLE_STRICT_OBJC_MSGSEND = YES;
				ENABLE_TESTABILITY = YES;
				ENABLE_USER_SCRIPT_SANDBOXING = YES;
				GCC_C_LANGUAGE_STANDARD = gnu17;
				GCC_DYNAMIC_NO_PIC = NO;
				GCC_NO_COMMON_BLOCKS = YES;
				GCC_OPTIMIZATION_LEVEL = 0;
				GCC_PREPROCESSOR_DEFINITIONS = (
					"DEBUG=1",
					"$(inherited)",
				);
				GCC_WARN_64_TO_32_BIT_CONVERSION = YES;
				GCC_WARN_ABOUT_RETURN_TYPE = YES_ERROR;
				GCC_WARN_UNDECLARED_SELECTOR = YES;
				GCC_WARN_UNINITIALIZED_AUTOS = YES_AGGRESSIVE;
				GCC_WARN_UNUSED_FUNCTION = YES;
				GCC_WARN_UNUSED_VARIABLE = YES;
				IPHONEOS_DEPLOYMENT_TARGET = 17.4;
				LOCALIZATION_PREFERS_STRING_CATALOGS = YES;
				MTL_ENABLE_DEBUG_INFO = INCLUDE_SOURCE;
				MTL_FAST_MATH = YES;
				ONLY_ACTIVE_ARCH = YES;
				SDKROOT = iphoneos;
				SWIFT_ACTIVE_COMPILATION_CONDITIONS = "DEBUG $(inherited)";
				SWIFT_OPTIMIZATION_LEVEL = "-Onone";
			};
			name = Debug;
		};
		A880F8202BBC208700FD0DE5 /* Release */ = {
			isa = XCBuildConfiguration;
			buildSettings = {
				ALWAYS_SEARCH_USER_PATHS = NO;
				ASSETCATALOG_COMPILER_GENERATE_SWIFT_ASSET_SYMBOL_EXTENSIONS = YES;
				CLANG_ANALYZER_NONNULL = YES;
				CLANG_ANALYZER_NUMBER_OBJECT_CONVERSION = YES_AGGRESSIVE;
				CLANG_CXX_LANGUAGE_STANDARD = "gnu++20";
				CLANG_ENABLE_MODULES = YES;
				CLANG_ENABLE_OBJC_ARC = YES;
				CLANG_ENABLE_OBJC_WEAK = YES;
				CLANG_WARN_BLOCK_CAPTURE_AUTORELEASING = YES;
				CLANG_WARN_BOOL_CONVERSION = YES;
				CLANG_WARN_COMMA = YES;
				CLANG_WARN_CONSTANT_CONVERSION = YES;
				CLANG_WARN_DEPRECATED_OBJC_IMPLEMENTATIONS = YES;
				CLANG_WARN_DIRECT_OBJC_ISA_USAGE = YES_ERROR;
				CLANG_WARN_DOCUMENTATION_COMMENTS = YES;
				CLANG_WARN_EMPTY_BODY = YES;
				CLANG_WARN_ENUM_CONVERSION = YES;
				CLANG_WARN_INFINITE_RECURSION = YES;
				CLANG_WARN_INT_CONVERSION = YES;
				CLANG_WARN_NON_LITERAL_NULL_CONVERSION = YES;
				CLANG_WARN_OBJC_IMPLICIT_RETAIN_SELF = YES;
				CLANG_WARN_OBJC_LITERAL_CONVERSION = YES;
				CLANG_WARN_OBJC_ROOT_CLASS = YES_ERROR;
				CLANG_WARN_QUOTED_INCLUDE_IN_FRAMEWORK_HEADER = YES;
				CLANG_WARN_RANGE_LOOP_ANALYSIS = YES;
				CLANG_WARN_STRICT_PROTOTYPES = YES;
				CLANG_WARN_SUSPICIOUS_MOVE = YES;
				CLANG_WARN_UNGUARDED_AVAILABILITY = YES_AGGRESSIVE;
				CLANG_WARN_UNREACHABLE_CODE = YES;
				CLANG_WARN__DUPLICATE_METHOD_MATCH = YES;
				COPY_PHASE_STRIP = NO;
				DEBUG_INFORMATION_FORMAT = "dwarf-with-dsym";
				ENABLE_NS_ASSERTIONS = NO;
				ENABLE_STRICT_OBJC_MSGSEND = YES;
				ENABLE_USER_SCRIPT_SANDBOXING = YES;
				GCC_C_LANGUAGE_STANDARD = gnu17;
				GCC_NO_COMMON_BLOCKS = YES;
				GCC_WARN_64_TO_32_BIT_CONVERSION = YES;
				GCC_WARN_ABOUT_RETURN_TYPE = YES_ERROR;
				GCC_WARN_UNDECLARED_SELECTOR = YES;
				GCC_WARN_UNINITIALIZED_AUTOS = YES_AGGRESSIVE;
				GCC_WARN_UNUSED_FUNCTION = YES;
				GCC_WARN_UNUSED_VARIABLE = YES;
				IPHONEOS_DEPLOYMENT_TARGET = 17.4;
				LOCALIZATION_PREFERS_STRING_CATALOGS = YES;
				MTL_ENABLE_DEBUG_INFO = NO;
				MTL_FAST_MATH = YES;
				SDKROOT = iphoneos;
				SWIFT_COMPILATION_MODE = wholemodule;
				VALIDATE_PRODUCT = YES;
			};
			name = Release;
		};
		A880F8222BBC208700FD0DE5 /* Debug */ = {
			isa = XCBuildConfiguration;
			buildSettings = {
				ASSETCATALOG_COMPILER_APPICON_NAME = AppIcon;
				ASSETCATALOG_COMPILER_GLOBAL_ACCENT_COLOR_NAME = AccentColor;
				CODE_SIGN_STYLE = Automatic;
				CURRENT_PROJECT_VERSION = 1;
				DEVELOPMENT_ASSET_PATHS = "\"TinderClone/Preview Content\"";
				DEVELOPMENT_TEAM = MZK45Q4L6T;
				ENABLE_PREVIEWS = YES;
				GENERATE_INFOPLIST_FILE = YES;
				INFOPLIST_KEY_CFBundleDisplayName = Tailored.ai;
				INFOPLIST_KEY_UIApplicationSceneManifest_Generation = YES;
				INFOPLIST_KEY_UIApplicationSupportsIndirectInputEvents = YES;
				INFOPLIST_KEY_UILaunchScreen_Generation = YES;
				INFOPLIST_KEY_UISupportedInterfaceOrientations_iPad = "UIInterfaceOrientationPortrait UIInterfaceOrientationPortraitUpsideDown UIInterfaceOrientationLandscapeLeft UIInterfaceOrientationLandscapeRight";
				INFOPLIST_KEY_UISupportedInterfaceOrientations_iPhone = "UIInterfaceOrientationPortrait UIInterfaceOrientationLandscapeLeft UIInterfaceOrientationLandscapeRight";
				LD_RUNPATH_SEARCH_PATHS = (
					"$(inherited)",
					"@executable_path/Frameworks",
				);
				MARKETING_VERSION = 1.0;
				PRODUCT_BUNDLE_IDENTIFIER = com.samsu.tailoredai;
				PRODUCT_NAME = "$(TARGET_NAME)";
				SWIFT_EMIT_LOC_STRINGS = YES;
				SWIFT_VERSION = 5.0;
				TARGETED_DEVICE_FAMILY = "1,2";
			};
			name = Debug;
		};
		A880F8232BBC208700FD0DE5 /* Release */ = {
			isa = XCBuildConfiguration;
			buildSettings = {
				ASSETCATALOG_COMPILER_APPICON_NAME = AppIcon;
				ASSETCATALOG_COMPILER_GLOBAL_ACCENT_COLOR_NAME = AccentColor;
				CODE_SIGN_STYLE = Automatic;
				CURRENT_PROJECT_VERSION = 1;
				DEVELOPMENT_ASSET_PATHS = "\"TinderClone/Preview Content\"";
				DEVELOPMENT_TEAM = MZK45Q4L6T;
				ENABLE_PREVIEWS = YES;
				GENERATE_INFOPLIST_FILE = YES;
				INFOPLIST_KEY_CFBundleDisplayName = Tailored.ai;
				INFOPLIST_KEY_UIApplicationSceneManifest_Generation = YES;
				INFOPLIST_KEY_UIApplicationSupportsIndirectInputEvents = YES;
				INFOPLIST_KEY_UILaunchScreen_Generation = YES;
				INFOPLIST_KEY_UISupportedInterfaceOrientations_iPad = "UIInterfaceOrientationPortrait UIInterfaceOrientationPortraitUpsideDown UIInterfaceOrientationLandscapeLeft UIInterfaceOrientationLandscapeRight";
				INFOPLIST_KEY_UISupportedInterfaceOrientations_iPhone = "UIInterfaceOrientationPortrait UIInterfaceOrientationLandscapeLeft UIInterfaceOrientationLandscapeRight";
				LD_RUNPATH_SEARCH_PATHS = (
					"$(inherited)",
					"@executable_path/Frameworks",
				);
				MARKETING_VERSION = 1.0;
				PRODUCT_BUNDLE_IDENTIFIER = com.samsu.tailoredai;
				PRODUCT_NAME = "$(TARGET_NAME)";
				SWIFT_EMIT_LOC_STRINGS = YES;
				SWIFT_VERSION = 5.0;
				TARGETED_DEVICE_FAMILY = "1,2";
			};
			name = Release;
		};
/* End XCBuildConfiguration section */

/* Begin XCConfigurationList section */
		A880F80E2BBC208500FD0DE5 /* Build configuration list for PBXProject "TinderClone" */ = {
			isa = XCConfigurationList;
			buildConfigurations = (
				A880F81F2BBC208700FD0DE5 /* Debug */,
				A880F8202BBC208700FD0DE5 /* Release */,
			);
			defaultConfigurationIsVisible = 0;
			defaultConfigurationName = Release;
		};
		A880F8212BBC208700FD0DE5 /* Build configuration list for PBXNativeTarget "TinderClone" */ = {
			isa = XCConfigurationList;
			buildConfigurations = (
				A880F8222BBC208700FD0DE5 /* Debug */,
				A880F8232BBC208700FD0DE5 /* Release */,
			);
			defaultConfigurationIsVisible = 0;
			defaultConfigurationName = Release;
		};
/* End XCConfigurationList section */

/* Begin XCRemoteSwiftPackageReference section */
		856DB9512BDA182200723BA4 /* XCRemoteSwiftPackageReference "AdvancedList" */ = {
			isa = XCRemoteSwiftPackageReference;
			repositoryURL = "https://github.com/crelies/AdvancedList";
			requirement = {
				kind = upToNextMajorVersion;
				minimumVersion = 8.0.0;
			};
		};
/* End XCRemoteSwiftPackageReference section */

/* Begin XCSwiftPackageProductDependency section */
		856DB9522BDA182200723BA4 /* AdvancedList */ = {
			isa = XCSwiftPackageProductDependency;
			package = 856DB9512BDA182200723BA4 /* XCRemoteSwiftPackageReference "AdvancedList" */;
			productName = AdvancedList;
		};
/* End XCSwiftPackageProductDependency section */
	};
	rootObject = A880F80B2BBC208500FD0DE5 /* Project object */;
}
