{
  "originHash" : "40ec9dcdcf5f4bb3d520c3ba4722f3b05ecac17a9e9299708fe00a2736306094",
  "pins" : [
    {
      "identity" : "advancedlist",
      "kind" : "remoteSourceControl",
      "location" : "https://github.com/crelies/AdvancedList",
      "state" : {
        "revision" : "a1d3dad7fa5f7cb5967307bd083a656cf6d598af",
        "version" : "8.0.0"
      }
    },
    {
      "identity" : "listpagination",
      "kind" : "remoteSourceControl",
      "location" : "https://github.com/crelies/ListPagination",
      "state" : {
        "revision" : "af667b368a10512da79605b61698d53c11d24cbf",
        "version" : "0.1.1"
      }
    },
    {
      "identity" : "pythonkit",
      "kind" : "remoteSourceControl",
      "location" : "https://github.com/pvieito/PythonKit.git",
      "state" : {
        "branch" : "master",
        "revision" : "b54598c853303a09efe16296c099314215af9a12"
      }
    },
    {
      "identity" : "url-image",
      "kind" : "remoteSourceControl",
      "location" : "https://github.com/dmytro-anokhin/url-image",
      "state" : {
        "revision" : "4042f955f1fdff00ced85545e1eecdbf969b5cd0",
        "version" : "3.1.1"
      }
    }
  ],
  "version" : 3
}
