{
  "originHash" : "3e5006842f6c8cc64263f5c0512b76ec3c33fb023092c4f323354c81ff3fcdd3",
  "pins" : [
    {
      "identity" : "advancedlist",
      "kind" : "remoteSourceControl",
      "location" : "https://github.com/crelies/AdvancedList",
      "state" : {
        "revision" : "a1d3dad7fa5f7cb5967307bd083a656cf6d598af",
        "version" : "8.0.0"
      }
    },
    {
      "identity" : "listpagination",
      "kind" : "remoteSourceControl",
      "location" : "https://github.com/crelies/ListPagination",
      "state" : {
        "revision" : "af667b368a10512da79605b61698d53c11d24cbf",
        "version" : "0.1.1"
      }
    }
  ],
  "version" : 3
}
